// !$*UTF8*$!
{
	archiveVersion = 1;
	classes = {
	};
	objectVersion = 46;
	objects = {

/* Begin PBXBuildFile section */
		4015FC911EF00DAC00B029ED /* Register.storyboard in Resources */ = {isa = PBXBuildFile; fileRef = 4015FC901EF00DAC00B029ED /* Register.storyboard */; };
		4015FC931EF00E5700B029ED /* RegisterViewController.swift in Sources */ = {isa = PBXBuildFile; fileRef = 4015FC921EF00E5700B029ED /* RegisterViewController.swift */; };
		401BBA811EEDEF1C0000587E /* Mutex.swift in Sources */ = {isa = PBXBuildFile; fileRef = 401BBA801EEDEF1C0000587E /* Mutex.swift */; };
		401BBA831EEE02420000587E /* Lock.swift in Sources */ = {isa = PBXBuildFile; fileRef = 401BBA821EEE02420000587E /* Lock.swift */; };
		40358A6C1EE928D200A8CEF4 /* ExtensionNSObject.swift in Sources */ = {isa = PBXBuildFile; fileRef = 40358A6B1EE928D200A8CEF4 /* ExtensionNSObject.swift */; };
		40358A6E1EE9293400A8CEF4 /* MessageModel.swift in Sources */ = {isa = PBXBuildFile; fileRef = 40358A6D1EE9293400A8CEF4 /* MessageModel.swift */; };
		40358A701EE92B0200A8CEF4 /* DismissToChatViewControllerProtocol.swift in Sources */ = {isa = PBXBuildFile; fileRef = 40358A6F1EE92B0200A8CEF4 /* DismissToChatViewControllerProtocol.swift */; };
		403905111EEF8EF3001327FE /* PictureMessageSectionController.swift in Sources */ = {isa = PBXBuildFile; fileRef = 4039050C1EEF8EF3001327FE /* PictureMessageSectionController.swift */; };
		403905121EEF8EF3001327FE /* TextMessageSectionController.swift in Sources */ = {isa = PBXBuildFile; fileRef = 4039050D1EEF8EF3001327FE /* TextMessageSectionController.swift */; };
		403905131EEF8EF3001327FE /* TimeStampSectionController.swift in Sources */ = {isa = PBXBuildFile; fileRef = 4039050E1EEF8EF3001327FE /* TimeStampSectionController.swift */; };
		403905141EEF8EF3001327FE /* VideoMessageSctionController.swift in Sources */ = {isa = PBXBuildFile; fileRef = 4039050F1EEF8EF3001327FE /* VideoMessageSctionController.swift */; };
		403905151EEF8EF3001327FE /* VoiceMessageSectionController.swift in Sources */ = {isa = PBXBuildFile; fileRef = 403905101EEF8EF3001327FE /* VoiceMessageSectionController.swift */; };
		403905171EEF8FA3001327FE /* PVCommonSectionController.swift in Sources */ = {isa = PBXBuildFile; fileRef = 403905161EEF8FA3001327FE /* PVCommonSectionController.swift */; };
		403B20501EE2B09700CBE09C /* ChatViewController.swift in Sources */ = {isa = PBXBuildFile; fileRef = 403B204F1EE2B09700CBE09C /* ChatViewController.swift */; };
		403B20551EE2BC8D00CBE09C /* TextMessageCollectionViewCell.swift in Sources */ = {isa = PBXBuildFile; fileRef = 403B20541EE2BC8D00CBE09C /* TextMessageCollectionViewCell.swift */; };
		403B20601EE31E7600CBE09C /* Colors.swift in Sources */ = {isa = PBXBuildFile; fileRef = 403B205F1EE31E7600CBE09C /* Colors.swift */; };
		403B20631EE3383600CBE09C /* TextMessageModel.swift in Sources */ = {isa = PBXBuildFile; fileRef = 403B20621EE3383600CBE09C /* TextMessageModel.swift */; };
		403E2BBB1EE4294A00EF961D /* RecordAnimationView.swift in Sources */ = {isa = PBXBuildFile; fileRef = 403E2BBA1EE4294A00EF961D /* RecordAnimationView.swift */; };
		40530DA61EE53BFE00F33C76 /* ExtensionString.swift in Sources */ = {isa = PBXBuildFile; fileRef = 40530DA51EE53BFE00F33C76 /* ExtensionString.swift */; };
		406511A01EEB180400EF6614 /* ExtensionFileManager.swift in Sources */ = {isa = PBXBuildFile; fileRef = 4065119F1EEB180400EF6614 /* ExtensionFileManager.swift */; };
		407193731EED65C8003C7E9C /* AnimatabeImageView.swift in Sources */ = {isa = PBXBuildFile; fileRef = 4071936D1EED65C8003C7E9C /* AnimatabeImageView.swift */; };
		407193741EED65C8003C7E9C /* Animatable.swift in Sources */ = {isa = PBXBuildFile; fileRef = 4071936E1EED65C8003C7E9C /* Animatable.swift */; };
		407193751EED65C8003C7E9C /* AnimatableButton.swift in Sources */ = {isa = PBXBuildFile; fileRef = 4071936F1EED65C8003C7E9C /* AnimatableButton.swift */; };
		407193761EED65C8003C7E9C /* AnimatableTextField.swift in Sources */ = {isa = PBXBuildFile; fileRef = 407193701EED65C8003C7E9C /* AnimatableTextField.swift */; };
		407193771EED65C8003C7E9C /* BlurDesignable.swift in Sources */ = {isa = PBXBuildFile; fileRef = 407193711EED65C8003C7E9C /* BlurDesignable.swift */; };
		407193781EED65C8003C7E9C /* BorderSide.swift in Sources */ = {isa = PBXBuildFile; fileRef = 407193721EED65C8003C7E9C /* BorderSide.swift */; };
		407193831EED65DC003C7E9C /* BorderDesignable.swift in Sources */ = {isa = PBXBuildFile; fileRef = 407193791EED65DC003C7E9C /* BorderDesignable.swift */; };
		407193841EED65DC003C7E9C /* CornerDesignable.swift in Sources */ = {isa = PBXBuildFile; fileRef = 4071937A1EED65DC003C7E9C /* CornerDesignable.swift */; };
		407193851EED65DC003C7E9C /* FillDesignable.swift in Sources */ = {isa = PBXBuildFile; fileRef = 4071937B1EED65DC003C7E9C /* FillDesignable.swift */; };
		407193861EED65DC003C7E9C /* GradientDesignable.swift in Sources */ = {isa = PBXBuildFile; fileRef = 4071937C1EED65DC003C7E9C /* GradientDesignable.swift */; };
		407193871EED65DC003C7E9C /* MaskDesignable.swift in Sources */ = {isa = PBXBuildFile; fileRef = 4071937D1EED65DC003C7E9C /* MaskDesignable.swift */; };
		407193881EED65DC003C7E9C /* PaddingDesignable.swift in Sources */ = {isa = PBXBuildFile; fileRef = 4071937E1EED65DC003C7E9C /* PaddingDesignable.swift */; };
		407193891EED65DC003C7E9C /* PlaceholderDesignable.swift in Sources */ = {isa = PBXBuildFile; fileRef = 4071937F1EED65DC003C7E9C /* PlaceholderDesignable.swift */; };
		4071938A1EED65DC003C7E9C /* ShadowDesignable.swift in Sources */ = {isa = PBXBuildFile; fileRef = 407193801EED65DC003C7E9C /* ShadowDesignable.swift */; };
		4071938B1EED65DC003C7E9C /* SideImageDesignable.swift in Sources */ = {isa = PBXBuildFile; fileRef = 407193811EED65DC003C7E9C /* SideImageDesignable.swift */; };
		4071938C1EED65DC003C7E9C /* TintDesignable.swift in Sources */ = {isa = PBXBuildFile; fileRef = 407193821EED65DC003C7E9C /* TintDesignable.swift */; };
		4071938F1EED68B7003C7E9C /* RotationDesignable.swift in Sources */ = {isa = PBXBuildFile; fileRef = 4071938E1EED68B7003C7E9C /* RotationDesignable.swift */; };
		407193931EED6907003C7E9C /* MaskType.swift in Sources */ = {isa = PBXBuildFile; fileRef = 407193921EED6907003C7E9C /* MaskType.swift */; };
		407193951EED692B003C7E9C /* TypeAlias.swift in Sources */ = {isa = PBXBuildFile; fileRef = 407193941EED692B003C7E9C /* TypeAlias.swift */; };
		407193971EED6951003C7E9C /* GradientType.swift in Sources */ = {isa = PBXBuildFile; fileRef = 407193961EED6951003C7E9C /* GradientType.swift */; };
		407193991EED6998003C7E9C /* GradientStartPoint.swift in Sources */ = {isa = PBXBuildFile; fileRef = 407193981EED6998003C7E9C /* GradientStartPoint.swift */; };
		4071939B1EED69BB003C7E9C /* ColorType.swift in Sources */ = {isa = PBXBuildFile; fileRef = 4071939A1EED69BB003C7E9C /* ColorType.swift */; };
		4071939D1EED69D8003C7E9C /* BlurEffectStyle.swift in Sources */ = {isa = PBXBuildFile; fileRef = 4071939C1EED69D8003C7E9C /* BlurEffectStyle.swift */; };
		4071939F1EED69FB003C7E9C /* AnimationType.swift in Sources */ = {isa = PBXBuildFile; fileRef = 4071939E1EED69FB003C7E9C /* AnimationType.swift */; };
		407193A11EED6A60003C7E9C /* ExtensionCALayer.swift in Sources */ = {isa = PBXBuildFile; fileRef = 407193A01EED6A60003C7E9C /* ExtensionCALayer.swift */; };
		407193A31EED6A84003C7E9C /* ExtensionUIColor.swift in Sources */ = {isa = PBXBuildFile; fileRef = 407193A21EED6A84003C7E9C /* ExtensionUIColor.swift */; };
		40888A661EECFB15008E5E12 /* AutoHeightTextView.swift in Sources */ = {isa = PBXBuildFile; fileRef = 40888A651EECFB15008E5E12 /* AutoHeightTextView.swift */; };
		40888A681EED10E1008E5E12 /* GoogleService-Info.plist in Resources */ = {isa = PBXBuildFile; fileRef = 40888A671EED10E1008E5E12 /* GoogleService-Info.plist */; };
		40888A6D1EED13C3008E5E12 /* Login.storyboard in Resources */ = {isa = PBXBuildFile; fileRef = 40888A6C1EED13C3008E5E12 /* Login.storyboard */; };
		40888A6F1EED16DC008E5E12 /* LoginViewController.swift in Sources */ = {isa = PBXBuildFile; fileRef = 40888A6E1EED16DC008E5E12 /* LoginViewController.swift */; };
		408B480E1EE276CC00EE9281 /* AppDelegate.swift in Sources */ = {isa = PBXBuildFile; fileRef = 408B480D1EE276CC00EE9281 /* AppDelegate.swift */; };
		408B48131EE276CC00EE9281 /* Chat.storyboard in Resources */ = {isa = PBXBuildFile; fileRef = 408B48111EE276CC00EE9281 /* Chat.storyboard */; };
		408B48151EE276CC00EE9281 /* Assets.xcassets in Resources */ = {isa = PBXBuildFile; fileRef = 408B48141EE276CC00EE9281 /* Assets.xcassets */; };
		408B48181EE276CC00EE9281 /* LaunchScreen.storyboard in Resources */ = {isa = PBXBuildFile; fileRef = 408B48161EE276CC00EE9281 /* LaunchScreen.storyboard */; };
		409EC0C41EE3C8B800365F7E /* TimeStampCollectionViewCell.swift in Sources */ = {isa = PBXBuildFile; fileRef = 409EC0C31EE3C8B800365F7E /* TimeStampCollectionViewCell.swift */; };
		409EC0C81EE3DA8600365F7E /* PictureMessageCollectionViewCell.swift in Sources */ = {isa = PBXBuildFile; fileRef = 409EC0C71EE3DA8600365F7E /* PictureMessageCollectionViewCell.swift */; };
		409EC0CA1EE3E06D00365F7E /* PictureSize.swift in Sources */ = {isa = PBXBuildFile; fileRef = 409EC0C91EE3E06D00365F7E /* PictureSize.swift */; };
		409EC0CC1EE3E1C700365F7E /* PictureMessageModel.swift in Sources */ = {isa = PBXBuildFile; fileRef = 409EC0CB1EE3E1C700365F7E /* PictureMessageModel.swift */; };
		409EC0D11EE3E50C00365F7E /* Fonts.swift in Sources */ = {isa = PBXBuildFile; fileRef = 409EC0CF1EE3E50C00365F7E /* Fonts.swift */; };
		409EC0D21EE3E50C00365F7E /* TextSize.swift in Sources */ = {isa = PBXBuildFile; fileRef = 409EC0D01EE3E50C00365F7E /* TextSize.swift */; };
		40A8454C1EE5489600837060 /* TimeOutProtocol.swift in Sources */ = {isa = PBXBuildFile; fileRef = 40A8454B1EE5489600837060 /* TimeOutProtocol.swift */; };
		40AF90241EE5A5E200F801A9 /* TextMessageDetailViewController.swift in Sources */ = {isa = PBXBuildFile; fileRef = 40AF90231EE5A5E200F801A9 /* TextMessageDetailViewController.swift */; };
		40AF90281EE5A8D400F801A9 /* SegueFromCellProtocol.swift in Sources */ = {isa = PBXBuildFile; fileRef = 40AF90271EE5A8D400F801A9 /* SegueFromCellProtocol.swift */; };
		40AF902A1EE5B4F300F801A9 /* VerticallyCenteredTextView.swift in Sources */ = {isa = PBXBuildFile; fileRef = 40AF90291EE5B4F300F801A9 /* VerticallyCenteredTextView.swift */; };
		40AF902E1EE5BC1900F801A9 /* PictureMessageDetailViewController.swift in Sources */ = {isa = PBXBuildFile; fileRef = 40AF902D1EE5BC1900F801A9 /* PictureMessageDetailViewController.swift */; };
		40B1BF1B1EE3ED83000B335E /* ExtensionUIImage.swift in Sources */ = {isa = PBXBuildFile; fileRef = 40B1BF1A1EE3ED83000B335E /* ExtensionUIImage.swift */; };
		40BF9FBB1EE4F719002BEACB /* VoiceMessageCollectionViewCell.swift in Sources */ = {isa = PBXBuildFile; fileRef = 40BF9FBA1EE4F719002BEACB /* VoiceMessageCollectionViewCell.swift */; };
		40BF9FBD1EE4F737002BEACB /* VoiceMessageModel.swift in Sources */ = {isa = PBXBuildFile; fileRef = 40BF9FBC1EE4F737002BEACB /* VoiceMessageModel.swift */; };
		40C391F61EEFB32800726097 /* TestKeyboard.storyboard in Resources */ = {isa = PBXBuildFile; fileRef = 40C391F51EEFB32800726097 /* TestKeyboard.storyboard */; };
		40C391F81EEFB36900726097 /* TextKeyboardViewController.swift in Sources */ = {isa = PBXBuildFile; fileRef = 40C391F71EEFB36900726097 /* TextKeyboardViewController.swift */; };
		40D1CAE31EEC0E500030CBEF /* VideoMessageModel.swift in Sources */ = {isa = PBXBuildFile; fileRef = 40D1CAE21EEC0E500030CBEF /* VideoMessageModel.swift */; };
		40D1CAE51EEC10430030CBEF /* VideoMessageCollectionViewCell.swift in Sources */ = {isa = PBXBuildFile; fileRef = 40D1CAE41EEC10430030CBEF /* VideoMessageCollectionViewCell.swift */; };
		40D1CAE91EEC2A820030CBEF /* PVCommonCollectionViewCell.swift in Sources */ = {isa = PBXBuildFile; fileRef = 40D1CAE81EEC2A820030CBEF /* PVCommonCollectionViewCell.swift */; };
		40D1CAEB1EEC32410030CBEF /* MessageCollectionViewCell.swift in Sources */ = {isa = PBXBuildFile; fileRef = 40D1CAEA1EEC32410030CBEF /* MessageCollectionViewCell.swift */; };
		40D1CAED1EEC51330030CBEF /* UrlMessageModel.swift in Sources */ = {isa = PBXBuildFile; fileRef = 40D1CAEC1EEC51330030CBEF /* UrlMessageModel.swift */; };
		40D6E0331EF0DE2B00946316 /* ExtensionAlertController.swift in Sources */ = {isa = PBXBuildFile; fileRef = 40D6E0321EF0DE2B00946316 /* ExtensionAlertController.swift */; };
		40D6E0351EF0E4CB00946316 /* TestAccount.swift in Sources */ = {isa = PBXBuildFile; fileRef = 40D6E0341EF0E4CB00946316 /* TestAccount.swift */; };
		40FB67DB1EE6DAEB00DD63F4 /* CameraViewController.swift in Sources */ = {isa = PBXBuildFile; fileRef = 40FB67DA1EE6DAEB00DD63F4 /* CameraViewController.swift */; };
		BE6FF66E3EFF6386328AB22C /* Pods_lovechat.framework in Frameworks */ = {isa = PBXBuildFile; fileRef = F36EF7366FA249FE7E866EBF /* Pods_lovechat.framework */; };
/* End PBXBuildFile section */

/* Begin PBXFileReference section */
		24CC1578EBBAC6566656A6D9 /* Pods-lovechat.debug.xcconfig */ = {isa = PBXFileReference; includeInIndex = 1; lastKnownFileType = text.xcconfig; name = "Pods-lovechat.debug.xcconfig"; path = "Pods/Target Support Files/Pods-lovechat/Pods-lovechat.debug.xcconfig"; sourceTree = "<group>"; };
		4015FC901EF00DAC00B029ED /* Register.storyboard */ = {isa = PBXFileReference; fileEncoding = 4; lastKnownFileType = file.storyboard; name = Register.storyboard; path = Storyboard/Register.storyboard; sourceTree = "<group>"; };
		4015FC921EF00E5700B029ED /* RegisterViewController.swift */ = {isa = PBXFileReference; fileEncoding = 4; lastKnownFileType = sourcecode.swift; name = RegisterViewController.swift; path = Controller/RegisterViewController.swift; sourceTree = "<group>"; };
		401BBA801EEDEF1C0000587E /* Mutex.swift */ = {isa = PBXFileReference; fileEncoding = 4; lastKnownFileType = sourcecode.swift; name = Mutex.swift; path = Util/Mutex.swift; sourceTree = "<group>"; };
		401BBA821EEE02420000587E /* Lock.swift */ = {isa = PBXFileReference; fileEncoding = 4; lastKnownFileType = sourcecode.swift; name = Lock.swift; path = Util/Lock.swift; sourceTree = "<group>"; };
		40358A6B1EE928D200A8CEF4 /* ExtensionNSObject.swift */ = {isa = PBXFileReference; fileEncoding = 4; lastKnownFileType = sourcecode.swift; name = ExtensionNSObject.swift; path = Util/ExtensionNSObject.swift; sourceTree = "<group>"; };
		40358A6D1EE9293400A8CEF4 /* MessageModel.swift */ = {isa = PBXFileReference; fileEncoding = 4; lastKnownFileType = sourcecode.swift; name = MessageModel.swift; path = Model/MessageModel.swift; sourceTree = "<group>"; };
		40358A6F1EE92B0200A8CEF4 /* DismissToChatViewControllerProtocol.swift */ = {isa = PBXFileReference; fileEncoding = 4; lastKnownFileType = sourcecode.swift; name = DismissToChatViewControllerProtocol.swift; path = Protocol/DismissToChatViewControllerProtocol.swift; sourceTree = "<group>"; };
		4039050C1EEF8EF3001327FE /* PictureMessageSectionController.swift */ = {isa = PBXFileReference; fileEncoding = 4; lastKnownFileType = sourcecode.swift; name = PictureMessageSectionController.swift; path = Controller/SectionController/PictureMessageSectionController.swift; sourceTree = "<group>"; };
		4039050D1EEF8EF3001327FE /* TextMessageSectionController.swift */ = {isa = PBXFileReference; fileEncoding = 4; lastKnownFileType = sourcecode.swift; name = TextMessageSectionController.swift; path = Controller/SectionController/TextMessageSectionController.swift; sourceTree = "<group>"; };
		4039050E1EEF8EF3001327FE /* TimeStampSectionController.swift */ = {isa = PBXFileReference; fileEncoding = 4; lastKnownFileType = sourcecode.swift; name = TimeStampSectionController.swift; path = Controller/SectionController/TimeStampSectionController.swift; sourceTree = "<group>"; };
		4039050F1EEF8EF3001327FE /* VideoMessageSctionController.swift */ = {isa = PBXFileReference; fileEncoding = 4; lastKnownFileType = sourcecode.swift; name = VideoMessageSctionController.swift; path = Controller/SectionController/VideoMessageSctionController.swift; sourceTree = "<group>"; };
		403905101EEF8EF3001327FE /* VoiceMessageSectionController.swift */ = {isa = PBXFileReference; fileEncoding = 4; lastKnownFileType = sourcecode.swift; name = VoiceMessageSectionController.swift; path = Controller/SectionController/VoiceMessageSectionController.swift; sourceTree = "<group>"; };
		403905161EEF8FA3001327FE /* PVCommonSectionController.swift */ = {isa = PBXFileReference; fileEncoding = 4; lastKnownFileType = sourcecode.swift; name = PVCommonSectionController.swift; path = Controller/SectionController/PVCommonSectionController.swift; sourceTree = "<group>"; };
		403B204F1EE2B09700CBE09C /* ChatViewController.swift */ = {isa = PBXFileReference; fileEncoding = 4; lastKnownFileType = sourcecode.swift; name = ChatViewController.swift; path = Controller/ChatViewController.swift; sourceTree = "<group>"; };
		403B20541EE2BC8D00CBE09C /* TextMessageCollectionViewCell.swift */ = {isa = PBXFileReference; fileEncoding = 4; lastKnownFileType = sourcecode.swift; name = TextMessageCollectionViewCell.swift; path = Cell/TextMessageCollectionViewCell.swift; sourceTree = "<group>"; };
		403B205F1EE31E7600CBE09C /* Colors.swift */ = {isa = PBXFileReference; fileEncoding = 4; lastKnownFileType = sourcecode.swift; name = Colors.swift; path = Util/Colors.swift; sourceTree = "<group>"; };
		403B20621EE3383600CBE09C /* TextMessageModel.swift */ = {isa = PBXFileReference; fileEncoding = 4; lastKnownFileType = sourcecode.swift; name = TextMessageModel.swift; path = Model/TextMessageModel.swift; sourceTree = "<group>"; };
		403E2BBA1EE4294A00EF961D /* RecordAnimationView.swift */ = {isa = PBXFileReference; fileEncoding = 4; lastKnownFileType = sourcecode.swift; name = RecordAnimationView.swift; path = View/RecordAnimationView.swift; sourceTree = "<group>"; };
		40530DA51EE53BFE00F33C76 /* ExtensionString.swift */ = {isa = PBXFileReference; fileEncoding = 4; lastKnownFileType = sourcecode.swift; name = ExtensionString.swift; path = Util/ExtensionString.swift; sourceTree = "<group>"; };
		4065119F1EEB180400EF6614 /* ExtensionFileManager.swift */ = {isa = PBXFileReference; fileEncoding = 4; lastKnownFileType = sourcecode.swift; name = ExtensionFileManager.swift; path = Util/ExtensionFileManager.swift; sourceTree = "<group>"; };
		4071936D1EED65C8003C7E9C /* AnimatabeImageView.swift */ = {isa = PBXFileReference; fileEncoding = 4; lastKnownFileType = sourcecode.swift; name = AnimatabeImageView.swift; path = Animation/AnimatabeImageView.swift; sourceTree = "<group>"; };
		4071936E1EED65C8003C7E9C /* Animatable.swift */ = {isa = PBXFileReference; fileEncoding = 4; lastKnownFileType = sourcecode.swift; name = Animatable.swift; path = Animation/Animatable.swift; sourceTree = "<group>"; };
		4071936F1EED65C8003C7E9C /* AnimatableButton.swift */ = {isa = PBXFileReference; fileEncoding = 4; lastKnownFileType = sourcecode.swift; name = AnimatableButton.swift; path = Animation/AnimatableButton.swift; sourceTree = "<group>"; };
		407193701EED65C8003C7E9C /* AnimatableTextField.swift */ = {isa = PBXFileReference; fileEncoding = 4; lastKnownFileType = sourcecode.swift; name = AnimatableTextField.swift; path = Animation/AnimatableTextField.swift; sourceTree = "<group>"; };
		407193711EED65C8003C7E9C /* BlurDesignable.swift */ = {isa = PBXFileReference; fileEncoding = 4; lastKnownFileType = sourcecode.swift; name = BlurDesignable.swift; path = Animation/BlurDesignable.swift; sourceTree = "<group>"; };
		407193721EED65C8003C7E9C /* BorderSide.swift */ = {isa = PBXFileReference; fileEncoding = 4; lastKnownFileType = sourcecode.swift; name = BorderSide.swift; path = Animation/BorderSide.swift; sourceTree = "<group>"; };
		407193791EED65DC003C7E9C /* BorderDesignable.swift */ = {isa = PBXFileReference; fileEncoding = 4; lastKnownFileType = sourcecode.swift; name = BorderDesignable.swift; path = Designable/BorderDesignable.swift; sourceTree = "<group>"; };
		4071937A1EED65DC003C7E9C /* CornerDesignable.swift */ = {isa = PBXFileReference; fileEncoding = 4; lastKnownFileType = sourcecode.swift; name = CornerDesignable.swift; path = Designable/CornerDesignable.swift; sourceTree = "<group>"; };
		4071937B1EED65DC003C7E9C /* FillDesignable.swift */ = {isa = PBXFileReference; fileEncoding = 4; lastKnownFileType = sourcecode.swift; name = FillDesignable.swift; path = Designable/FillDesignable.swift; sourceTree = "<group>"; };
		4071937C1EED65DC003C7E9C /* GradientDesignable.swift */ = {isa = PBXFileReference; fileEncoding = 4; lastKnownFileType = sourcecode.swift; name = GradientDesignable.swift; path = Designable/GradientDesignable.swift; sourceTree = "<group>"; };
		4071937D1EED65DC003C7E9C /* MaskDesignable.swift */ = {isa = PBXFileReference; fileEncoding = 4; lastKnownFileType = sourcecode.swift; name = MaskDesignable.swift; path = Designable/MaskDesignable.swift; sourceTree = "<group>"; };
		4071937E1EED65DC003C7E9C /* PaddingDesignable.swift */ = {isa = PBXFileReference; fileEncoding = 4; lastKnownFileType = sourcecode.swift; name = PaddingDesignable.swift; path = Designable/PaddingDesignable.swift; sourceTree = "<group>"; };
		4071937F1EED65DC003C7E9C /* PlaceholderDesignable.swift */ = {isa = PBXFileReference; fileEncoding = 4; lastKnownFileType = sourcecode.swift; name = PlaceholderDesignable.swift; path = Designable/PlaceholderDesignable.swift; sourceTree = "<group>"; };
		407193801EED65DC003C7E9C /* ShadowDesignable.swift */ = {isa = PBXFileReference; fileEncoding = 4; lastKnownFileType = sourcecode.swift; name = ShadowDesignable.swift; path = Designable/ShadowDesignable.swift; sourceTree = "<group>"; };
		407193811EED65DC003C7E9C /* SideImageDesignable.swift */ = {isa = PBXFileReference; fileEncoding = 4; lastKnownFileType = sourcecode.swift; name = SideImageDesignable.swift; path = Designable/SideImageDesignable.swift; sourceTree = "<group>"; };
		407193821EED65DC003C7E9C /* TintDesignable.swift */ = {isa = PBXFileReference; fileEncoding = 4; lastKnownFileType = sourcecode.swift; name = TintDesignable.swift; path = Designable/TintDesignable.swift; sourceTree = "<group>"; };
		4071938E1EED68B7003C7E9C /* RotationDesignable.swift */ = {isa = PBXFileReference; fileEncoding = 4; lastKnownFileType = sourcecode.swift; name = RotationDesignable.swift; path = Designable/RotationDesignable.swift; sourceTree = "<group>"; };
		407193921EED6907003C7E9C /* MaskType.swift */ = {isa = PBXFileReference; fileEncoding = 4; lastKnownFileType = sourcecode.swift; name = MaskType.swift; path = Designable/Helper/MaskType.swift; sourceTree = "<group>"; };
		407193941EED692B003C7E9C /* TypeAlias.swift */ = {isa = PBXFileReference; fileEncoding = 4; lastKnownFileType = sourcecode.swift; name = TypeAlias.swift; path = Designable/Helper/TypeAlias.swift; sourceTree = "<group>"; };
		407193961EED6951003C7E9C /* GradientType.swift */ = {isa = PBXFileReference; fileEncoding = 4; lastKnownFileType = sourcecode.swift; name = GradientType.swift; path = Designable/Helper/GradientType.swift; sourceTree = "<group>"; };
		407193981EED6998003C7E9C /* GradientStartPoint.swift */ = {isa = PBXFileReference; fileEncoding = 4; lastKnownFileType = sourcecode.swift; name = GradientStartPoint.swift; path = Designable/Helper/GradientStartPoint.swift; sourceTree = "<group>"; };
		4071939A1EED69BB003C7E9C /* ColorType.swift */ = {isa = PBXFileReference; fileEncoding = 4; lastKnownFileType = sourcecode.swift; name = ColorType.swift; path = Designable/Helper/ColorType.swift; sourceTree = "<group>"; };
		4071939C1EED69D8003C7E9C /* BlurEffectStyle.swift */ = {isa = PBXFileReference; fileEncoding = 4; lastKnownFileType = sourcecode.swift; name = BlurEffectStyle.swift; path = Designable/Helper/BlurEffectStyle.swift; sourceTree = "<group>"; };
		4071939E1EED69FB003C7E9C /* AnimationType.swift */ = {isa = PBXFileReference; fileEncoding = 4; lastKnownFileType = sourcecode.swift; name = AnimationType.swift; path = Designable/Helper/AnimationType.swift; sourceTree = "<group>"; };
		407193A01EED6A60003C7E9C /* ExtensionCALayer.swift */ = {isa = PBXFileReference; fileEncoding = 4; lastKnownFileType = sourcecode.swift; name = ExtensionCALayer.swift; path = Util/ExtensionCALayer.swift; sourceTree = "<group>"; };
		407193A21EED6A84003C7E9C /* ExtensionUIColor.swift */ = {isa = PBXFileReference; fileEncoding = 4; lastKnownFileType = sourcecode.swift; name = ExtensionUIColor.swift; path = Util/ExtensionUIColor.swift; sourceTree = "<group>"; };
		40888A651EECFB15008E5E12 /* AutoHeightTextView.swift */ = {isa = PBXFileReference; fileEncoding = 4; lastKnownFileType = sourcecode.swift; name = AutoHeightTextView.swift; path = View/AutoHeightTextView.swift; sourceTree = "<group>"; };
		40888A671EED10E1008E5E12 /* GoogleService-Info.plist */ = {isa = PBXFileReference; fileEncoding = 4; lastKnownFileType = text.plist.xml; name = "GoogleService-Info.plist"; path = "../GoogleService-Info.plist"; sourceTree = "<group>"; };
		40888A6C1EED13C3008E5E12 /* Login.storyboard */ = {isa = PBXFileReference; fileEncoding = 4; lastKnownFileType = file.storyboard; name = Login.storyboard; path = Storyboard/Login.storyboard; sourceTree = "<group>"; };
		40888A6E1EED16DC008E5E12 /* LoginViewController.swift */ = {isa = PBXFileReference; fileEncoding = 4; lastKnownFileType = sourcecode.swift; name = LoginViewController.swift; path = Controller/LoginViewController.swift; sourceTree = "<group>"; };
		408B480A1EE276CC00EE9281 /* lovechat.app */ = {isa = PBXFileReference; explicitFileType = wrapper.application; includeInIndex = 0; path = lovechat.app; sourceTree = BUILT_PRODUCTS_DIR; };
		408B480D1EE276CC00EE9281 /* AppDelegate.swift */ = {isa = PBXFileReference; lastKnownFileType = sourcecode.swift; path = AppDelegate.swift; sourceTree = "<group>"; };
		408B48121EE276CC00EE9281 /* Base */ = {isa = PBXFileReference; lastKnownFileType = file.storyboard; name = Base; path = Base.lproj/Chat.storyboard; sourceTree = "<group>"; };
		408B48141EE276CC00EE9281 /* Assets.xcassets */ = {isa = PBXFileReference; lastKnownFileType = folder.assetcatalog; path = Assets.xcassets; sourceTree = "<group>"; };
		408B48171EE276CC00EE9281 /* Base */ = {isa = PBXFileReference; lastKnownFileType = file.storyboard; name = Base; path = Base.lproj/LaunchScreen.storyboard; sourceTree = "<group>"; };
		408B48191EE276CC00EE9281 /* Info.plist */ = {isa = PBXFileReference; lastKnownFileType = text.plist.xml; path = Info.plist; sourceTree = "<group>"; };
		409EC0C31EE3C8B800365F7E /* TimeStampCollectionViewCell.swift */ = {isa = PBXFileReference; fileEncoding = 4; lastKnownFileType = sourcecode.swift; name = TimeStampCollectionViewCell.swift; path = Cell/TimeStampCollectionViewCell.swift; sourceTree = "<group>"; };
		409EC0C71EE3DA8600365F7E /* PictureMessageCollectionViewCell.swift */ = {isa = PBXFileReference; fileEncoding = 4; lastKnownFileType = sourcecode.swift; name = PictureMessageCollectionViewCell.swift; path = Cell/PictureMessageCollectionViewCell.swift; sourceTree = "<group>"; };
		409EC0C91EE3E06D00365F7E /* PictureSize.swift */ = {isa = PBXFileReference; fileEncoding = 4; lastKnownFileType = sourcecode.swift; name = PictureSize.swift; path = Util/PictureSize.swift; sourceTree = "<group>"; };
		409EC0CB1EE3E1C700365F7E /* PictureMessageModel.swift */ = {isa = PBXFileReference; fileEncoding = 4; lastKnownFileType = sourcecode.swift; name = PictureMessageModel.swift; path = Model/PictureMessageModel.swift; sourceTree = "<group>"; };
		409EC0CF1EE3E50C00365F7E /* Fonts.swift */ = {isa = PBXFileReference; fileEncoding = 4; lastKnownFileType = sourcecode.swift; name = Fonts.swift; path = Util/Fonts.swift; sourceTree = "<group>"; };
		409EC0D01EE3E50C00365F7E /* TextSize.swift */ = {isa = PBXFileReference; fileEncoding = 4; lastKnownFileType = sourcecode.swift; name = TextSize.swift; path = Util/TextSize.swift; sourceTree = "<group>"; };
		40A8454B1EE5489600837060 /* TimeOutProtocol.swift */ = {isa = PBXFileReference; fileEncoding = 4; lastKnownFileType = sourcecode.swift; name = TimeOutProtocol.swift; path = Protocol/TimeOutProtocol.swift; sourceTree = "<group>"; };
		40AF90231EE5A5E200F801A9 /* TextMessageDetailViewController.swift */ = {isa = PBXFileReference; fileEncoding = 4; lastKnownFileType = sourcecode.swift; name = TextMessageDetailViewController.swift; path = Controller/TextMessageDetailViewController.swift; sourceTree = "<group>"; };
		40AF90271EE5A8D400F801A9 /* SegueFromCellProtocol.swift */ = {isa = PBXFileReference; fileEncoding = 4; lastKnownFileType = sourcecode.swift; name = SegueFromCellProtocol.swift; path = Protocol/SegueFromCellProtocol.swift; sourceTree = "<group>"; };
		40AF90291EE5B4F300F801A9 /* VerticallyCenteredTextView.swift */ = {isa = PBXFileReference; fileEncoding = 4; lastKnownFileType = sourcecode.swift; name = VerticallyCenteredTextView.swift; path = View/VerticallyCenteredTextView.swift; sourceTree = "<group>"; };
		40AF902D1EE5BC1900F801A9 /* PictureMessageDetailViewController.swift */ = {isa = PBXFileReference; fileEncoding = 4; lastKnownFileType = sourcecode.swift; name = PictureMessageDetailViewController.swift; path = Controller/PictureMessageDetailViewController.swift; sourceTree = "<group>"; };
		40B1BF1A1EE3ED83000B335E /* ExtensionUIImage.swift */ = {isa = PBXFileReference; fileEncoding = 4; lastKnownFileType = sourcecode.swift; name = ExtensionUIImage.swift; path = Util/ExtensionUIImage.swift; sourceTree = "<group>"; };
		40BF9FBA1EE4F719002BEACB /* VoiceMessageCollectionViewCell.swift */ = {isa = PBXFileReference; fileEncoding = 4; lastKnownFileType = sourcecode.swift; name = VoiceMessageCollectionViewCell.swift; path = Cell/VoiceMessageCollectionViewCell.swift; sourceTree = "<group>"; };
		40BF9FBC1EE4F737002BEACB /* VoiceMessageModel.swift */ = {isa = PBXFileReference; fileEncoding = 4; lastKnownFileType = sourcecode.swift; name = VoiceMessageModel.swift; path = Model/VoiceMessageModel.swift; sourceTree = "<group>"; };
		40C391F51EEFB32800726097 /* TestKeyboard.storyboard */ = {isa = PBXFileReference; fileEncoding = 4; lastKnownFileType = file.storyboard; name = TestKeyboard.storyboard; path = Storyboard/TestKeyboard.storyboard; sourceTree = "<group>"; };
		40C391F71EEFB36900726097 /* TextKeyboardViewController.swift */ = {isa = PBXFileReference; fileEncoding = 4; lastKnownFileType = sourcecode.swift; name = TextKeyboardViewController.swift; path = Controller/TextKeyboardViewController.swift; sourceTree = "<group>"; };
		40D1CAE21EEC0E500030CBEF /* VideoMessageModel.swift */ = {isa = PBXFileReference; fileEncoding = 4; lastKnownFileType = sourcecode.swift; name = VideoMessageModel.swift; path = Model/VideoMessageModel.swift; sourceTree = "<group>"; };
		40D1CAE41EEC10430030CBEF /* VideoMessageCollectionViewCell.swift */ = {isa = PBXFileReference; fileEncoding = 4; lastKnownFileType = sourcecode.swift; name = VideoMessageCollectionViewCell.swift; path = Cell/VideoMessageCollectionViewCell.swift; sourceTree = "<group>"; };
		40D1CAE81EEC2A820030CBEF /* PVCommonCollectionViewCell.swift */ = {isa = PBXFileReference; fileEncoding = 4; lastKnownFileType = sourcecode.swift; name = PVCommonCollectionViewCell.swift; path = Cell/PVCommonCollectionViewCell.swift; sourceTree = "<group>"; };
		40D1CAEA1EEC32410030CBEF /* MessageCollectionViewCell.swift */ = {isa = PBXFileReference; fileEncoding = 4; lastKnownFileType = sourcecode.swift; name = MessageCollectionViewCell.swift; path = Cell/MessageCollectionViewCell.swift; sourceTree = "<group>"; };
		40D1CAEC1EEC51330030CBEF /* UrlMessageModel.swift */ = {isa = PBXFileReference; fileEncoding = 4; lastKnownFileType = sourcecode.swift; name = UrlMessageModel.swift; path = Model/UrlMessageModel.swift; sourceTree = "<group>"; };
		40D6E0321EF0DE2B00946316 /* ExtensionAlertController.swift */ = {isa = PBXFileReference; fileEncoding = 4; lastKnownFileType = sourcecode.swift; name = ExtensionAlertController.swift; path = Controller/ExtensionAlertController.swift; sourceTree = "<group>"; };
		40D6E0341EF0E4CB00946316 /* TestAccount.swift */ = {isa = PBXFileReference; fileEncoding = 4; lastKnownFileType = sourcecode.swift; name = TestAccount.swift; path = Util/TestAccount.swift; sourceTree = "<group>"; };
		40FB67DA1EE6DAEB00DD63F4 /* CameraViewController.swift */ = {isa = PBXFileReference; fileEncoding = 4; lastKnownFileType = sourcecode.swift; name = CameraViewController.swift; path = Controller/CameraViewController.swift; sourceTree = "<group>"; };
		7EE5C32AD502F2563269A83A /* Pods-lovechat.release.xcconfig */ = {isa = PBXFileReference; includeInIndex = 1; lastKnownFileType = text.xcconfig; name = "Pods-lovechat.release.xcconfig"; path = "Pods/Target Support Files/Pods-lovechat/Pods-lovechat.release.xcconfig"; sourceTree = "<group>"; };
		F36EF7366FA249FE7E866EBF /* Pods_lovechat.framework */ = {isa = PBXFileReference; explicitFileType = wrapper.framework; includeInIndex = 0; path = Pods_lovechat.framework; sourceTree = BUILT_PRODUCTS_DIR; };
/* End PBXFileReference section */

/* Begin PBXFrameworksBuildPhase section */
		408B48071EE276CC00EE9281 /* Frameworks */ = {
			isa = PBXFrameworksBuildPhase;
			buildActionMask = 2147483647;
			files = (
				BE6FF66E3EFF6386328AB22C /* Pods_lovechat.framework in Frameworks */,
			);
			runOnlyForDeploymentPostprocessing = 0;
		};
/* End PBXFrameworksBuildPhase section */

/* Begin PBXGroup section */
		4039050B1EEF8EDD001327FE /* SectionController */ = {
			isa = PBXGroup;
			children = (
				4039050C1EEF8EF3001327FE /* PictureMessageSectionController.swift */,
				4039050D1EEF8EF3001327FE /* TextMessageSectionController.swift */,
				4039050E1EEF8EF3001327FE /* TimeStampSectionController.swift */,
				4039050F1EEF8EF3001327FE /* VideoMessageSctionController.swift */,
				403905101EEF8EF3001327FE /* VoiceMessageSectionController.swift */,
				403905161EEF8FA3001327FE /* PVCommonSectionController.swift */,
			);
			name = SectionController;
			sourceTree = "<group>";
		};
		403B204E1EE2AFFA00CBE09C /* Controller */ = {
			isa = PBXGroup;
			children = (
				4039050B1EEF8EDD001327FE /* SectionController */,
				403B204F1EE2B09700CBE09C /* ChatViewController.swift */,
				40AF90231EE5A5E200F801A9 /* TextMessageDetailViewController.swift */,
				40AF902D1EE5BC1900F801A9 /* PictureMessageDetailViewController.swift */,
				40FB67DA1EE6DAEB00DD63F4 /* CameraViewController.swift */,
				40888A6E1EED16DC008E5E12 /* LoginViewController.swift */,
				40C391F71EEFB36900726097 /* TextKeyboardViewController.swift */,
				4015FC921EF00E5700B029ED /* RegisterViewController.swift */,
			);
			name = Controller;
			sourceTree = "<group>";
		};
		403B20531EE2BC2400CBE09C /* Cell */ = {
			isa = PBXGroup;
			children = (
				403B20541EE2BC8D00CBE09C /* TextMessageCollectionViewCell.swift */,
				409EC0C31EE3C8B800365F7E /* TimeStampCollectionViewCell.swift */,
				409EC0C71EE3DA8600365F7E /* PictureMessageCollectionViewCell.swift */,
				40BF9FBA1EE4F719002BEACB /* VoiceMessageCollectionViewCell.swift */,
				40D1CAE41EEC10430030CBEF /* VideoMessageCollectionViewCell.swift */,
				40D1CAE81EEC2A820030CBEF /* PVCommonCollectionViewCell.swift */,
				40D1CAEA1EEC32410030CBEF /* MessageCollectionViewCell.swift */,
			);
			name = Cell;
			sourceTree = "<group>";
		};
		403B20561EE3106F00CBE09C /* Util */ = {
			isa = PBXGroup;
			children = (
				409EC0CF1EE3E50C00365F7E /* Fonts.swift */,
				409EC0D01EE3E50C00365F7E /* TextSize.swift */,
				403B205F1EE31E7600CBE09C /* Colors.swift */,
				409EC0C91EE3E06D00365F7E /* PictureSize.swift */,
				40B1BF1A1EE3ED83000B335E /* ExtensionUIImage.swift */,
				40530DA51EE53BFE00F33C76 /* ExtensionString.swift */,
				40358A6B1EE928D200A8CEF4 /* ExtensionNSObject.swift */,
				4065119F1EEB180400EF6614 /* ExtensionFileManager.swift */,
				407193A01EED6A60003C7E9C /* ExtensionCALayer.swift */,
				407193A21EED6A84003C7E9C /* ExtensionUIColor.swift */,
				401BBA801EEDEF1C0000587E /* Mutex.swift */,
				401BBA821EEE02420000587E /* Lock.swift */,
				40D6E0321EF0DE2B00946316 /* ExtensionAlertController.swift */,
				40D6E0341EF0E4CB00946316 /* TestAccount.swift */,
			);
			name = Util;
			sourceTree = "<group>";
		};
		403B20611EE3381100CBE09C /* Model */ = {
			isa = PBXGroup;
			children = (
				403B20621EE3383600CBE09C /* TextMessageModel.swift */,
				409EC0CB1EE3E1C700365F7E /* PictureMessageModel.swift */,
				40BF9FBC1EE4F737002BEACB /* VoiceMessageModel.swift */,
				40358A6D1EE9293400A8CEF4 /* MessageModel.swift */,
				40D1CAE21EEC0E500030CBEF /* VideoMessageModel.swift */,
				40D1CAEC1EEC51330030CBEF /* UrlMessageModel.swift */,
			);
			name = Model;
			sourceTree = "<group>";
		};
		403E2BB91EE4292300EF961D /* View */ = {
			isa = PBXGroup;
			children = (
				403E2BBA1EE4294A00EF961D /* RecordAnimationView.swift */,
				40AF90291EE5B4F300F801A9 /* VerticallyCenteredTextView.swift */,
				40888A651EECFB15008E5E12 /* AutoHeightTextView.swift */,
			);
			name = View;
			sourceTree = "<group>";
		};
		407193571EED6402003C7E9C /* Designable */ = {
			isa = PBXGroup;
			children = (
				4071938D1EED6880003C7E9C /* Helper */,
				407193721EED65C8003C7E9C /* BorderSide.swift */,
				407193791EED65DC003C7E9C /* BorderDesignable.swift */,
				4071937A1EED65DC003C7E9C /* CornerDesignable.swift */,
				4071937B1EED65DC003C7E9C /* FillDesignable.swift */,
				4071937C1EED65DC003C7E9C /* GradientDesignable.swift */,
				4071937D1EED65DC003C7E9C /* MaskDesignable.swift */,
				4071937E1EED65DC003C7E9C /* PaddingDesignable.swift */,
				4071937F1EED65DC003C7E9C /* PlaceholderDesignable.swift */,
				407193801EED65DC003C7E9C /* ShadowDesignable.swift */,
				407193811EED65DC003C7E9C /* SideImageDesignable.swift */,
				407193821EED65DC003C7E9C /* TintDesignable.swift */,
				4071938E1EED68B7003C7E9C /* RotationDesignable.swift */,
			);
			name = Designable;
			sourceTree = "<group>";
		};
		4071936C1EED64B6003C7E9C /* Animtion */ = {
			isa = PBXGroup;
			children = (
				4071936D1EED65C8003C7E9C /* AnimatabeImageView.swift */,
				4071936E1EED65C8003C7E9C /* Animatable.swift */,
				4071936F1EED65C8003C7E9C /* AnimatableButton.swift */,
				407193701EED65C8003C7E9C /* AnimatableTextField.swift */,
				407193711EED65C8003C7E9C /* BlurDesignable.swift */,
			);
			name = Animtion;
			sourceTree = "<group>";
		};
		4071938D1EED6880003C7E9C /* Helper */ = {
			isa = PBXGroup;
			children = (
				407193921EED6907003C7E9C /* MaskType.swift */,
				407193941EED692B003C7E9C /* TypeAlias.swift */,
				407193961EED6951003C7E9C /* GradientType.swift */,
				407193981EED6998003C7E9C /* GradientStartPoint.swift */,
				4071939A1EED69BB003C7E9C /* ColorType.swift */,
				4071939C1EED69D8003C7E9C /* BlurEffectStyle.swift */,
				4071939E1EED69FB003C7E9C /* AnimationType.swift */,
			);
			name = Helper;
			sourceTree = "<group>";
		};
		40888A691EED135A008E5E12 /* Storyboard */ = {
			isa = PBXGroup;
			children = (
				408B48111EE276CC00EE9281 /* Chat.storyboard */,
				40888A6C1EED13C3008E5E12 /* Login.storyboard */,
				40C391F51EEFB32800726097 /* TestKeyboard.storyboard */,
				4015FC901EF00DAC00B029ED /* Register.storyboard */,
			);
			name = Storyboard;
			sourceTree = "<group>";
		};
		408B48011EE276CC00EE9281 = {
			isa = PBXGroup;
			children = (
				408B480C1EE276CC00EE9281 /* lovechat */,
				408B480B1EE276CC00EE9281 /* Products */,
				94FBEFC9A5613733134720BF /* Pods */,
				7742F9B96026650C66A43D5A /* Frameworks */,
			);
			sourceTree = "<group>";
		};
		408B480B1EE276CC00EE9281 /* Products */ = {
			isa = PBXGroup;
			children = (
				408B480A1EE276CC00EE9281 /* lovechat.app */,
			);
			name = Products;
			sourceTree = "<group>";
		};
		408B480C1EE276CC00EE9281 /* lovechat */ = {
			isa = PBXGroup;
			children = (
				4071936C1EED64B6003C7E9C /* Animtion */,
				407193571EED6402003C7E9C /* Designable */,
				40888A691EED135A008E5E12 /* Storyboard */,
				40A8454A1EE5486100837060 /* Protocol */,
				403E2BB91EE4292300EF961D /* View */,
				403B20611EE3381100CBE09C /* Model */,
				403B20561EE3106F00CBE09C /* Util */,
				403B20531EE2BC2400CBE09C /* Cell */,
				403B204E1EE2AFFA00CBE09C /* Controller */,
				408B480D1EE276CC00EE9281 /* AppDelegate.swift */,
				408B48141EE276CC00EE9281 /* Assets.xcassets */,
				408B48161EE276CC00EE9281 /* LaunchScreen.storyboard */,
				408B48191EE276CC00EE9281 /* Info.plist */,
				40888A671EED10E1008E5E12 /* GoogleService-Info.plist */,
			);
			path = lovechat;
			sourceTree = "<group>";
		};
		40A8454A1EE5486100837060 /* Protocol */ = {
			isa = PBXGroup;
			children = (
				40A8454B1EE5489600837060 /* TimeOutProtocol.swift */,
				40AF90271EE5A8D400F801A9 /* SegueFromCellProtocol.swift */,
				40358A6F1EE92B0200A8CEF4 /* DismissToChatViewControllerProtocol.swift */,
			);
			name = Protocol;
			sourceTree = "<group>";
		};
		7742F9B96026650C66A43D5A /* Frameworks */ = {
			isa = PBXGroup;
			children = (
				F36EF7366FA249FE7E866EBF /* Pods_lovechat.framework */,
			);
			name = Frameworks;
			sourceTree = "<group>";
		};
		94FBEFC9A5613733134720BF /* Pods */ = {
			isa = PBXGroup;
			children = (
				24CC1578EBBAC6566656A6D9 /* Pods-lovechat.debug.xcconfig */,
				7EE5C32AD502F2563269A83A /* Pods-lovechat.release.xcconfig */,
			);
			name = Pods;
			sourceTree = "<group>";
		};
/* End PBXGroup section */

/* Begin PBXNativeTarget section */
		408B48091EE276CC00EE9281 /* lovechat */ = {
			isa = PBXNativeTarget;
			buildConfigurationList = 408B481C1EE276CC00EE9281 /* Build configuration list for PBXNativeTarget "lovechat" */;
			buildPhases = (
				2F31BFDF68A929BB00F2F5E1 /* [CP] Check Pods Manifest.lock */,
				408B48061EE276CC00EE9281 /* Sources */,
				408B48071EE276CC00EE9281 /* Frameworks */,
				408B48081EE276CC00EE9281 /* Resources */,
				F710319AF31D0C23CB4011D9 /* [CP] Embed Pods Frameworks */,
				448087C0277CA4BC67D49509 /* [CP] Copy Pods Resources */,
			);
			buildRules = (
			);
			dependencies = (
			);
			name = lovechat;
			productName = lovechat;
			productReference = 408B480A1EE276CC00EE9281 /* lovechat.app */;
			productType = "com.apple.product-type.application";
		};
/* End PBXNativeTarget section */

/* Begin PBXProject section */
		408B48021EE276CC00EE9281 /* Project object */ = {
			isa = PBXProject;
			attributes = {
				LastSwiftUpdateCheck = 0830;
				LastUpgradeCheck = 0830;
				ORGANIZATIONNAME = Demons;
				TargetAttributes = {
					408B48091EE276CC00EE9281 = {
						CreatedOnToolsVersion = 8.3.2;
						DevelopmentTeam = M5L6VZEAQ4;
						ProvisioningStyle = Automatic;
					};
				};
			};
			buildConfigurationList = 408B48051EE276CC00EE9281 /* Build configuration list for PBXProject "lovechat" */;
			compatibilityVersion = "Xcode 3.2";
			developmentRegion = English;
			hasScannedForEncodings = 0;
			knownRegions = (
				en,
				Base,
			);
			mainGroup = 408B48011EE276CC00EE9281;
			productRefGroup = 408B480B1EE276CC00EE9281 /* Products */;
			projectDirPath = "";
			projectRoot = "";
			targets = (
				408B48091EE276CC00EE9281 /* lovechat */,
			);
		};
/* End PBXProject section */

/* Begin PBXResourcesBuildPhase section */
		408B48081EE276CC00EE9281 /* Resources */ = {
			isa = PBXResourcesBuildPhase;
			buildActionMask = 2147483647;
			files = (
				408B48181EE276CC00EE9281 /* LaunchScreen.storyboard in Resources */,
				40888A681EED10E1008E5E12 /* GoogleService-Info.plist in Resources */,
				4015FC911EF00DAC00B029ED /* Register.storyboard in Resources */,
				408B48151EE276CC00EE9281 /* Assets.xcassets in Resources */,
				40888A6D1EED13C3008E5E12 /* Login.storyboard in Resources */,
				408B48131EE276CC00EE9281 /* Chat.storyboard in Resources */,
				40C391F61EEFB32800726097 /* TestKeyboard.storyboard in Resources */,
			);
			runOnlyForDeploymentPostprocessing = 0;
		};
/* End PBXResourcesBuildPhase section */

/* Begin PBXShellScriptBuildPhase section */
		2F31BFDF68A929BB00F2F5E1 /* [CP] Check Pods Manifest.lock */ = {
			isa = PBXShellScriptBuildPhase;
			buildActionMask = 2147483647;
			files = (
			);
			inputPaths = (
			);
			name = "[CP] Check Pods Manifest.lock";
			outputPaths = (
			);
			runOnlyForDeploymentPostprocessing = 0;
			shellPath = /bin/sh;
			shellScript = "diff \"${PODS_PODFILE_DIR_PATH}/Podfile.lock\" \"${PODS_ROOT}/Manifest.lock\" > /dev/null\nif [ $? != 0 ] ; then\n    # print error to STDERR\n    echo \"error: The sandbox is not in sync with the Podfile.lock. Run 'pod install' or update your CocoaPods installation.\" >&2\n    exit 1\nfi\n";
			showEnvVarsInLog = 0;
		};
		448087C0277CA4BC67D49509 /* [CP] Copy Pods Resources */ = {
			isa = PBXShellScriptBuildPhase;
			buildActionMask = 2147483647;
			files = (
			);
			inputPaths = (
			);
			name = "[CP] Copy Pods Resources";
			outputPaths = (
			);
			runOnlyForDeploymentPostprocessing = 0;
			shellPath = /bin/sh;
			shellScript = "\"${SRCROOT}/Pods/Target Support Files/Pods-lovechat/Pods-lovechat-resources.sh\"\n";
			showEnvVarsInLog = 0;
		};
		F710319AF31D0C23CB4011D9 /* [CP] Embed Pods Frameworks */ = {
			isa = PBXShellScriptBuildPhase;
			buildActionMask = 2147483647;
			files = (
			);
			inputPaths = (
			);
			name = "[CP] Embed Pods Frameworks";
			outputPaths = (
			);
			runOnlyForDeploymentPostprocessing = 0;
			shellPath = /bin/sh;
			shellScript = "\"${SRCROOT}/Pods/Target Support Files/Pods-lovechat/Pods-lovechat-frameworks.sh\"\n";
			showEnvVarsInLog = 0;
		};
/* End PBXShellScriptBuildPhase section */

/* Begin PBXSourcesBuildPhase section */
		408B48061EE276CC00EE9281 /* Sources */ = {
			isa = PBXSourcesBuildPhase;
			buildActionMask = 2147483647;
			files = (
				40AF902A1EE5B4F300F801A9 /* VerticallyCenteredTextView.swift in Sources */,
				4071938A1EED65DC003C7E9C /* ShadowDesignable.swift in Sources */,
				40BF9FBD1EE4F737002BEACB /* VoiceMessageModel.swift in Sources */,
				40D1CAE51EEC10430030CBEF /* VideoMessageCollectionViewCell.swift in Sources */,
				40D6E0331EF0DE2B00946316 /* ExtensionAlertController.swift in Sources */,
				40C391F81EEFB36900726097 /* TextKeyboardViewController.swift in Sources */,
				403B20501EE2B09700CBE09C /* ChatViewController.swift in Sources */,
				407193841EED65DC003C7E9C /* CornerDesignable.swift in Sources */,
				407193771EED65C8003C7E9C /* BlurDesignable.swift in Sources */,
				40888A6F1EED16DC008E5E12 /* LoginViewController.swift in Sources */,
				403905141EEF8EF3001327FE /* VideoMessageSctionController.swift in Sources */,
				40AF902E1EE5BC1900F801A9 /* PictureMessageDetailViewController.swift in Sources */,
				407193831EED65DC003C7E9C /* BorderDesignable.swift in Sources */,
				403905121EEF8EF3001327FE /* TextMessageSectionController.swift in Sources */,
				407193A31EED6A84003C7E9C /* ExtensionUIColor.swift in Sources */,
				409EC0CC1EE3E1C700365F7E /* PictureMessageModel.swift in Sources */,
				40358A6C1EE928D200A8CEF4 /* ExtensionNSObject.swift in Sources */,
				407193741EED65C8003C7E9C /* Animatable.swift in Sources */,
				4071939F1EED69FB003C7E9C /* AnimationType.swift in Sources */,
				403905131EEF8EF3001327FE /* TimeStampSectionController.swift in Sources */,
				40D6E0351EF0E4CB00946316 /* TestAccount.swift in Sources */,
				40D1CAE91EEC2A820030CBEF /* PVCommonCollectionViewCell.swift in Sources */,
				403905111EEF8EF3001327FE /* PictureMessageSectionController.swift in Sources */,
				403905151EEF8EF3001327FE /* VoiceMessageSectionController.swift in Sources */,
				403905171EEF8FA3001327FE /* PVCommonSectionController.swift in Sources */,
				409EC0D11EE3E50C00365F7E /* Fonts.swift in Sources */,
				407193861EED65DC003C7E9C /* GradientDesignable.swift in Sources */,
				40D1CAE31EEC0E500030CBEF /* VideoMessageModel.swift in Sources */,
				401BBA811EEDEF1C0000587E /* Mutex.swift in Sources */,
				409EC0C41EE3C8B800365F7E /* TimeStampCollectionViewCell.swift in Sources */,
				4071939D1EED69D8003C7E9C /* BlurEffectStyle.swift in Sources */,
				403B20601EE31E7600CBE09C /* Colors.swift in Sources */,
				40530DA61EE53BFE00F33C76 /* ExtensionString.swift in Sources */,
				40B1BF1B1EE3ED83000B335E /* ExtensionUIImage.swift in Sources */,
				409EC0C81EE3DA8600365F7E /* PictureMessageCollectionViewCell.swift in Sources */,
				401BBA831EEE02420000587E /* Lock.swift in Sources */,
				403B20631EE3383600CBE09C /* TextMessageModel.swift in Sources */,
				40AF90241EE5A5E200F801A9 /* TextMessageDetailViewController.swift in Sources */,
				40AF90281EE5A8D400F801A9 /* SegueFromCellProtocol.swift in Sources */,
				40D1CAEB1EEC32410030CBEF /* MessageCollectionViewCell.swift in Sources */,
				409EC0CA1EE3E06D00365F7E /* PictureSize.swift in Sources */,
				407193881EED65DC003C7E9C /* PaddingDesignable.swift in Sources */,
				4071939B1EED69BB003C7E9C /* ColorType.swift in Sources */,
				407193931EED6907003C7E9C /* MaskType.swift in Sources */,
				40888A661EECFB15008E5E12 /* AutoHeightTextView.swift in Sources */,
				407193731EED65C8003C7E9C /* AnimatabeImageView.swift in Sources */,
				40FB67DB1EE6DAEB00DD63F4 /* CameraViewController.swift in Sources */,
				408B480E1EE276CC00EE9281 /* AppDelegate.swift in Sources */,
				40A8454C1EE5489600837060 /* TimeOutProtocol.swift in Sources */,
				4071938F1EED68B7003C7E9C /* RotationDesignable.swift in Sources */,
				409EC0D21EE3E50C00365F7E /* TextSize.swift in Sources */,
				4071938C1EED65DC003C7E9C /* TintDesignable.swift in Sources */,
				407193A11EED6A60003C7E9C /* ExtensionCALayer.swift in Sources */,
				407193991EED6998003C7E9C /* GradientStartPoint.swift in Sources */,
				40358A6E1EE9293400A8CEF4 /* MessageModel.swift in Sources */,
				407193781EED65C8003C7E9C /* BorderSide.swift in Sources */,
				40D1CAED1EEC51330030CBEF /* UrlMessageModel.swift in Sources */,
				40BF9FBB1EE4F719002BEACB /* VoiceMessageCollectionViewCell.swift in Sources */,
				407193951EED692B003C7E9C /* TypeAlias.swift in Sources */,
				407193851EED65DC003C7E9C /* FillDesignable.swift in Sources */,
				406511A01EEB180400EF6614 /* ExtensionFileManager.swift in Sources */,
				407193971EED6951003C7E9C /* GradientType.swift in Sources */,
				4015FC931EF00E5700B029ED /* RegisterViewController.swift in Sources */,
				403E2BBB1EE4294A00EF961D /* RecordAnimationView.swift in Sources */,
				40358A701EE92B0200A8CEF4 /* DismissToChatViewControllerProtocol.swift in Sources */,
				407193761EED65C8003C7E9C /* AnimatableTextField.swift in Sources */,
				407193751EED65C8003C7E9C /* AnimatableButton.swift in Sources */,
				407193891EED65DC003C7E9C /* PlaceholderDesignable.swift in Sources */,
				403B20551EE2BC8D00CBE09C /* TextMessageCollectionViewCell.swift in Sources */,
				4071938B1EED65DC003C7E9C /* SideImageDesignable.swift in Sources */,
				407193871EED65DC003C7E9C /* MaskDesignable.swift in Sources */,
			);
			runOnlyForDeploymentPostprocessing = 0;
		};
/* End PBXSourcesBuildPhase section */

/* Begin PBXVariantGroup section */
		408B48111EE276CC00EE9281 /* Chat.storyboard */ = {
			isa = PBXVariantGroup;
			children = (
				408B48121EE276CC00EE9281 /* Base */,
			);
			name = Chat.storyboard;
			sourceTree = "<group>";
		};
		408B48161EE276CC00EE9281 /* LaunchScreen.storyboard */ = {
			isa = PBXVariantGroup;
			children = (
				408B48171EE276CC00EE9281 /* Base */,
			);
			name = LaunchScreen.storyboard;
			sourceTree = "<group>";
		};
/* End PBXVariantGroup section */

/* Begin XCBuildConfiguration section */
		408B481A1EE276CC00EE9281 /* Debug */ = {
			isa = XCBuildConfiguration;
			buildSettings = {
				ALWAYS_SEARCH_USER_PATHS = NO;
				CLANG_ANALYZER_NONNULL = YES;
				CLANG_ANALYZER_NUMBER_OBJECT_CONVERSION = YES_AGGRESSIVE;
				CLANG_CXX_LANGUAGE_STANDARD = "gnu++0x";
				CLANG_CXX_LIBRARY = "libc++";
				CLANG_ENABLE_MODULES = YES;
				CLANG_ENABLE_OBJC_ARC = YES;
				CLANG_WARN_BOOL_CONVERSION = YES;
				CLANG_WARN_CONSTANT_CONVERSION = YES;
				CLANG_WARN_DIRECT_OBJC_ISA_USAGE = YES_ERROR;
				CLANG_WARN_DOCUMENTATION_COMMENTS = YES;
				CLANG_WARN_EMPTY_BODY = YES;
				CLANG_WARN_ENUM_CONVERSION = YES;
				CLANG_WARN_INFINITE_RECURSION = YES;
				CLANG_WARN_INT_CONVERSION = YES;
				CLANG_WARN_OBJC_ROOT_CLASS = YES_ERROR;
				CLANG_WARN_SUSPICIOUS_MOVE = YES;
				CLANG_WARN_UNREACHABLE_CODE = YES;
				CLANG_WARN__DUPLICATE_METHOD_MATCH = YES;
				"CODE_SIGN_IDENTITY[sdk=iphoneos*]" = "iPhone Developer";
				COPY_PHASE_STRIP = NO;
				DEBUG_INFORMATION_FORMAT = dwarf;
				ENABLE_STRICT_OBJC_MSGSEND = YES;
				ENABLE_TESTABILITY = YES;
				GCC_C_LANGUAGE_STANDARD = gnu99;
				GCC_DYNAMIC_NO_PIC = NO;
				GCC_NO_COMMON_BLOCKS = YES;
				GCC_OPTIMIZATION_LEVEL = 0;
				GCC_PREPROCESSOR_DEFINITIONS = (
					"DEBUG=1",
					"$(inherited)",
				);
				GCC_WARN_64_TO_32_BIT_CONVERSION = YES;
				GCC_WARN_ABOUT_RETURN_TYPE = YES_ERROR;
				GCC_WARN_UNDECLARED_SELECTOR = YES;
				GCC_WARN_UNINITIALIZED_AUTOS = YES_AGGRESSIVE;
				GCC_WARN_UNUSED_FUNCTION = YES;
				GCC_WARN_UNUSED_VARIABLE = YES;
				IPHONEOS_DEPLOYMENT_TARGET = 10.3;
				MTL_ENABLE_DEBUG_INFO = YES;
				ONLY_ACTIVE_ARCH = YES;
				SDKROOT = iphoneos;
				SWIFT_ACTIVE_COMPILATION_CONDITIONS = DEBUG;
				SWIFT_OPTIMIZATION_LEVEL = "-Onone";
				TARGETED_DEVICE_FAMILY = "1,2";
			};
			name = Debug;
		};
		408B481B1EE276CC00EE9281 /* Release */ = {
			isa = XCBuildConfiguration;
			buildSettings = {
				ALWAYS_SEARCH_USER_PATHS = NO;
				CLANG_ANALYZER_NONNULL = YES;
				CLANG_ANALYZER_NUMBER_OBJECT_CONVERSION = YES_AGGRESSIVE;
				CLANG_CXX_LANGUAGE_STANDARD = "gnu++0x";
				CLANG_CXX_LIBRARY = "libc++";
				CLANG_ENABLE_MODULES = YES;
				CLANG_ENABLE_OBJC_ARC = YES;
				CLANG_WARN_BOOL_CONVERSION = YES;
				CLANG_WARN_CONSTANT_CONVERSION = YES;
				CLANG_WARN_DIRECT_OBJC_ISA_USAGE = YES_ERROR;
				CLANG_WARN_DOCUMENTATION_COMMENTS = YES;
				CLANG_WARN_EMPTY_BODY = YES;
				CLANG_WARN_ENUM_CONVERSION = YES;
				CLANG_WARN_INFINITE_RECURSION = YES;
				CLANG_WARN_INT_CONVERSION = YES;
				CLANG_WARN_OBJC_ROOT_CLASS = YES_ERROR;
				CLANG_WARN_SUSPICIOUS_MOVE = YES;
				CLANG_WARN_UNREACHABLE_CODE = YES;
				CLANG_WARN__DUPLICATE_METHOD_MATCH = YES;
				"CODE_SIGN_IDENTITY[sdk=iphoneos*]" = "iPhone Developer";
				COPY_PHASE_STRIP = NO;
				DEBUG_INFORMATION_FORMAT = "dwarf-with-dsym";
				ENABLE_NS_ASSERTIONS = NO;
				ENABLE_STRICT_OBJC_MSGSEND = YES;
				GCC_C_LANGUAGE_STANDARD = gnu99;
				GCC_NO_COMMON_BLOCKS = YES;
				GCC_WARN_64_TO_32_BIT_CONVERSION = YES;
				GCC_WARN_ABOUT_RETURN_TYPE = YES_ERROR;
				GCC_WARN_UNDECLARED_SELECTOR = YES;
				GCC_WARN_UNINITIALIZED_AUTOS = YES_AGGRESSIVE;
				GCC_WARN_UNUSED_FUNCTION = YES;
				GCC_WARN_UNUSED_VARIABLE = YES;
				IPHONEOS_DEPLOYMENT_TARGET = 10.3;
				MTL_ENABLE_DEBUG_INFO = NO;
				SDKROOT = iphoneos;
				SWIFT_OPTIMIZATION_LEVEL = "-Owholemodule";
				TARGETED_DEVICE_FAMILY = "1,2";
				VALIDATE_PRODUCT = YES;
			};
			name = Release;
		};
		408B481D1EE276CC00EE9281 /* Debug */ = {
			isa = XCBuildConfiguration;
			baseConfigurationReference = 24CC1578EBBAC6566656A6D9 /* Pods-lovechat.debug.xcconfig */;
			buildSettings = {
				ASSETCATALOG_COMPILER_APPICON_NAME = AppIcon;
				"CODE_SIGN_IDENTITY[sdk=iphoneos*]" = "iPhone Developer";
				DEVELOPMENT_TEAM = M5L6VZEAQ4;
				INFOPLIST_FILE = lovechat/Info.plist;
				IPHONEOS_DEPLOYMENT_TARGET = 10.3;
				LD_RUNPATH_SEARCH_PATHS = "$(inherited) @executable_path/Frameworks";
				PRODUCT_BUNDLE_IDENTIFIER = demons.lovechat;
				PRODUCT_NAME = "$(TARGET_NAME)";
				PROVISIONING_PROFILE_SPECIFIER = "";
				SWIFT_VERSION = 3.0;
			};
			name = Debug;
		};
		408B481E1EE276CC00EE9281 /* Release */ = {
			isa = XCBuildConfiguration;
			baseConfigurationReference = 7EE5C32AD502F2563269A83A /* Pods-lovechat.release.xcconfig */;
			buildSettings = {
				ASSETCATALOG_COMPILER_APPICON_NAME = AppIcon;
				"CODE_SIGN_IDENTITY[sdk=iphoneos*]" = "iPhone Developer";
				DEVELOPMENT_TEAM = M5L6VZEAQ4;
				INFOPLIST_FILE = lovechat/Info.plist;
				IPHONEOS_DEPLOYMENT_TARGET = 10.3;
				LD_RUNPATH_SEARCH_PATHS = "$(inherited) @executable_path/Frameworks";
				PRODUCT_BUNDLE_IDENTIFIER = demons.lovechat;
				PRODUCT_NAME = "$(TARGET_NAME)";
				PROVISIONING_PROFILE_SPECIFIER = "";
				SWIFT_VERSION = 3.0;
			};
			name = Release;
		};
/* End XCBuildConfiguration section */

/* Begin XCConfigurationList section */
		408B48051EE276CC00EE9281 /* Build configuration list for PBXProject "lovechat" */ = {
			isa = XCConfigurationList;
			buildConfigurations = (
				408B481A1EE276CC00EE9281 /* Debug */,
				408B481B1EE276CC00EE9281 /* Release */,
			);
			defaultConfigurationIsVisible = 0;
			defaultConfigurationName = Release;
		};
		408B481C1EE276CC00EE9281 /* Build configuration list for PBXNativeTarget "lovechat" */ = {
			isa = XCConfigurationList;
			buildConfigurations = (
				408B481D1EE276CC00EE9281 /* Debug */,
				408B481E1EE276CC00EE9281 /* Release */,
			);
			defaultConfigurationIsVisible = 0;
			defaultConfigurationName = Release;
		};
/* End XCConfigurationList section */
	};
	rootObject = 408B48021EE276CC00EE9281 /* Project object */;
}
